
Microsoft Visual Studio Solution File, Format Version 12.00
Project("{FAE04EC0-301F-11D3-BF4B-00C04F79EFBC}") = "ReatsTracker.Api", "ReatsTracker.Api\ReatsTracker.Api.csproj", "{FE637C04-B63C-47E2-BFD4-76C6F836ACDE}"
EndProject
Global
	GlobalSection(SolutionConfigurationPlatforms) = preSolution
		Debug|Any CPU = Debug|Any CPU
		Release|Any CPU = Release|Any CPU
	EndGlobalSection
	GlobalSection(ProjectConfigurationPlatforms) = postSolution
		{FE637C04-B63C-47E2-BFD4-76C6F836ACDE}.Debug|Any CPU.ActiveCfg = Debug|Any CPU
		{FE637C04-B63C-47E2-BFD4-76C6F836ACDE}.Debug|Any CPU.Build.0 = Debug|Any CPU
		{FE637C04-B63C-47E2-BFD4-76C6F836ACDE}.Release|Any CPU.ActiveCfg = Release|Any CPU
		{FE637C04-B63C-47E2-BFD4-76C6F836ACDE}.Release|Any CPU.Build.0 = Release|Any CPU
	EndGlobalSection
EndGlobal
